{
  "lockfile_version": "1",
  "packages": {
    "go-task@3.41.0": {
      "last_modified": "2025-04-17T05:47:26Z",
      "resolved": "github:NixOS/nixpkgs/ebe4301cbd8f81c4f8d3244b3632338bbeb6d49c#go-task",
      "source": "devbox-search",
      "version": "3.41.0",
      "systems": {
        "aarch64-darwin": {
          "outputs": [
            {
              "name": "out",
              "path": "/nix/store/zz0ydwqf8s4dmdrhrd2i8h467mxsdgib-go-task-3.41.0",
              "default": true
            }
          ],
          "store_path": "/nix/store/zz0ydwqf8s4dmdrhrd2i8h467mxsdgib-go-task-3.41.0"
        },
        "aarch64-linux": {
          "outputs": [
            {
              "name": "out",
              "path": "/nix/store/gw5m0vszm1arqri0f23x2myhn48njy8a-go-task-3.41.0",
              "default": true
            }
          ],
          "store_path": "/nix/store/gw5m0vszm1arqri0f23x2myhn48njy8a-go-task-3.41.0"
        },
        "x86_64-darwin": {
          "outputs": [
            {
              "name": "out",
              "path": "/nix/store/hyp3mswald858k3kpbyc63h4dz2xfl18-go-task-3.41.0",
              "default": true
            }
          ],
          "store_path": "/nix/store/hyp3mswald858k3kpbyc63h4dz2xfl18-go-task-3.41.0"
        },
        "x86_64-linux": {
          "outputs": [
            {
              "name": "out",
              "path": "/nix/store/h39sp829c75dccfp5jk8a5aqap4gpn8m-go-task-3.41.0",
              "default": true
            }
          ],
          "store_path": "/nix/store/h39sp829c75dccfp5jk8a5aqap4gpn8m-go-task-3.41.0"
        }
      }
    },
    "golangci-lint@2.2.2": {
      "last_modified": "2025-07-18T03:30:42Z",
      "resolved": "github:NixOS/nixpkgs/e821e03193486359aa942372be2d9c1f377b7a18#golangci-lint",
      "source": "devbox-search",
      "version": "2.2.2",
      "systems": {
        "aarch64-darwin": {
          "outputs": [
            {
              "name": "out",
              "path": "/nix/store/00sy2bp921ax5cxphxz0ifgax6i97mx7-golangci-lint-2.2.2",
              "default": true
            }
          ],
          "store_path": "/nix/store/00sy2bp921ax5cxphxz0ifgax6i97mx7-golangci-lint-2.2.2"
        },
        "aarch64-linux": {
          "outputs": [
            {
              "name": "out",
              "path": "/nix/store/gvay3vc5ll70dfryiy6qa16w3ybagiq7-golangci-lint-2.2.2",
              "default": true
            }
          ],
          "store_path": "/nix/store/gvay3vc5ll70dfryiy6qa16w3ybagiq7-golangci-lint-2.2.2"
        },
        "x86_64-darwin": {
          "outputs": [
            {
              "name": "out",
              "path": "/nix/store/9pxfg0y3hiaf08vnzk2fs4qh76r2kd22-golangci-lint-2.2.2",
              "default": true
            }
          ],
          "store_path": "/nix/store/9pxfg0y3hiaf08vnzk2fs4qh76r2kd22-golangci-lint-2.2.2"
        },
        "x86_64-linux": {
          "outputs": [
            {
              "name": "out",
              "path": "/nix/store/z0d7708yc7d0z6nj0mwalbi6hf79yj68-golangci-lint-2.2.2",
              "default": true
            }
          ],
          "store_path": "/nix/store/z0d7708yc7d0z6nj0mwalbi6hf79yj68-golangci-lint-2.2.2"
        }
      }
    },
    "goreleaser@2.9.0": {
      "last_modified": "2025-05-16T20:19:48Z",
      "resolved": "github:NixOS/nixpkgs/12a55407652e04dcf2309436eb06fef0d3713ef3#goreleaser",
      "source": "devbox-search",
      "version": "2.9.0",
      "systems": {
        "aarch64-darwin": {
          "outputs": [
            {
              "name": "out",
              "path": "/nix/store/lqihz0f2h9zjqlhk74cayb9l74zgkxj2-goreleaser-2.9.0",
              "default": true
            }
          ],
          "store_path": "/nix/store/lqihz0f2h9zjqlhk74cayb9l74zgkxj2-goreleaser-2.9.0"
        },
        "aarch64-linux": {
          "outputs": [
            {
              "name": "out",
              "path": "/nix/store/wg1ndxx3hq7lcxg0nkzgs3myrflr5jm0-goreleaser-2.9.0",
              "default": true
            }
          ],
          "store_path": "/nix/store/wg1ndxx3hq7lcxg0nkzgs3myrflr5jm0-goreleaser-2.9.0"
        },
        "x86_64-darwin": {
          "outputs": [
            {
              "name": "out",
              "path": "/nix/store/v17lq7ap19pajdhp04n4b7p4y5f2mxrr-goreleaser-2.9.0",
              "default": true
            }
          ],
          "store_path": "/nix/store/v17lq7ap19pajdhp04n4b7p4y5f2mxrr-goreleaser-2.9.0"
        },
        "x86_64-linux": {
          "outputs": [
            {
              "name": "out",
              "path": "/nix/store/rvjwgy6zz5qwipcm709jvf3j38r552nw-goreleaser-2.9.0",
              "default": true
            }
          ],
          "store_path": "/nix/store/rvjwgy6zz5qwipcm709jvf3j38r552nw-goreleaser-2.9.0"
        }
      }
    }
  }
}
